
Microsoft Visual Studio Solution File, Format Version 12.00
# Visual Studio Version 16
VisualStudioVersion = 16.0.30320.27
MinimumVisualStudioVersion = 10.0.40219.1
Project("{FAE04EC0-301F-11D3-BF4B-00C04F79EFBC}") = "DalPlacementStudent", "DalPlacementStudent.csproj", "{94875551-4994-4B35-A202-89A14A4CA53B}"
EndProject
Project("{FAE04EC0-301F-11D3-BF4B-00C04F79EFBC}") = "Bll", "..\Bll\Bll.csproj", "{52A2E828-C493-416D-AC03-AAD51AE82919}"
EndProject
Project("{FAE04EC0-301F-11D3-BF4B-00C04F79EFBC}") = "UI", "..\UI\UI.csproj", "{C9410C3C-2AAC-45E5-BFCC-573B3CB21D73}"
EndProject
Project("{2150E333-8FDC-42A3-9474-1A3956D46DE8}") = "Solution Items", "Solution Items", "{182FC24D-667F-4DCF-9161-F8E426257AD9}"
	ProjectSection(SolutionItems) = preProject
		.editorconfig = .editorconfig
	EndProjectSection
EndProject
Global
	GlobalSection(SolutionConfigurationPlatforms) = preSolution
		Debug|Any CPU = Debug|Any CPU
		Release|Any CPU = Release|Any CPU
	EndGlobalSection
	GlobalSection(ProjectConfigurationPlatforms) = postSolution
		{94875551-4994-4B35-A202-89A14A4CA53B}.Debug|Any CPU.ActiveCfg = Debug|Any CPU
		{94875551-4994-4B35-A202-89A14A4CA53B}.Debug|Any CPU.Build.0 = Debug|Any CPU
		{94875551-4994-4B35-A202-89A14A4CA53B}.Release|Any CPU.ActiveCfg = Release|Any CPU
		{94875551-4994-4B35-A202-89A14A4CA53B}.Release|Any CPU.Build.0 = Release|Any CPU
		{52A2E828-C493-416D-AC03-AAD51AE82919}.Debug|Any CPU.ActiveCfg = Debug|Any CPU
		{52A2E828-C493-416D-AC03-AAD51AE82919}.Debug|Any CPU.Build.0 = Debug|Any CPU
		{52A2E828-C493-416D-AC03-AAD51AE82919}.Release|Any CPU.ActiveCfg = Release|Any CPU
		{52A2E828-C493-416D-AC03-AAD51AE82919}.Release|Any CPU.Build.0 = Release|Any CPU
		{C9410C3C-2AAC-45E5-BFCC-573B3CB21D73}.Debug|Any CPU.ActiveCfg = Debug|Any CPU
		{C9410C3C-2AAC-45E5-BFCC-573B3CB21D73}.Debug|Any CPU.Build.0 = Debug|Any CPU
		{C9410C3C-2AAC-45E5-BFCC-573B3CB21D73}.Release|Any CPU.ActiveCfg = Release|Any CPU
		{C9410C3C-2AAC-45E5-BFCC-573B3CB21D73}.Release|Any CPU.Build.0 = Release|Any CPU
	EndGlobalSection
	GlobalSection(SolutionProperties) = preSolution
		HideSolutionNode = FALSE
	EndGlobalSection
	GlobalSection(ExtensibilityGlobals) = postSolution
		SolutionGuid = {856DB3C5-4AA1-4BBA-8394-CAC784ED049B}
	EndGlobalSection
EndGlobal
